
Microsoft Visual Studio Solution File, Format Version 12.00
# Visual Studio Version 17
VisualStudioVersion = 17.0.32126.317
MinimumVisualStudioVersion = 10.0.40219.1
Project("{8BC9CEB8-8B4A-11D0-8D11-00A0C91BC942}") = "Another maze", "Another maze.vcxproj", "{B56FEFA5-B944-4450-8905-F8A42ADC8F4E}"
EndProject
Global
	GlobalSection(SolutionConfigurationPlatforms) = preSolution
		Debug|x64 = Debug|x64
		Debug|x86 = Debug|x86
		Release|x64 = Release|x64
		Release|x86 = Release|x86
	EndGlobalSection
	GlobalSection(ProjectConfigurationPlatforms) = postSolution
		{B56FEFA5-B944-4450-8905-F8A42ADC8F4E}.Debug|x64.ActiveCfg = Debug|x64
		{B56FEFA5-B944-4450-8905-F8A42ADC8F4E}.Debug|x64.Build.0 = Debug|x64
		{B56FEFA5-B944-4450-8905-F8A42ADC8F4E}.Debug|x86.ActiveCfg = Debug|Win32
		{B56FEFA5-B944-4450-8905-F8A42ADC8F4E}.Debug|x86.Build.0 = Debug|Win32
		{B56FEFA5-B944-4450-8905-F8A42ADC8F4E}.Release|x64.ActiveCfg = Release|x64
		{B56FEFA5-B944-4450-8905-F8A42ADC8F4E}.Release|x64.Build.0 = Release|x64
		{B56FEFA5-B944-4450-8905-F8A42ADC8F4E}.Release|x86.ActiveCfg = Release|Win32
		{B56FEFA5-B944-4450-8905-F8A42ADC8F4E}.Release|x86.Build.0 = Release|Win32
	EndGlobalSection
	GlobalSection(SolutionProperties) = preSolution
		HideSolutionNode = FALSE
	EndGlobalSection
	GlobalSection(ExtensibilityGlobals) = postSolution
		SolutionGuid = {7E2C4451-764C-4E80-984F-17BBB40343F3}
	EndGlobalSection
EndGlobal
